# This file is automatically @generated by Poetry 2.1.4 and should not be changed by hand.

[[package]]
name = "path"
version = "17.1.1"
description = "A module wrapper for os.path"
optional = false
python-versions = ">=3.9"
groups = ["main"]
files = [
    {file = "path-17.1.1-py3-none-any.whl", hash = "sha256:ec7e136df29172e5030dd07e037d55f676bdb29d15bfa09b80da29d07d3b9303"},
    {file = "path-17.1.1.tar.gz", hash = "sha256:2dfcbfec8b4d960f3469c52acf133113c2a8bf12ac7b98d629fa91af87248d42"},
]

[package.extras]
check = ["pytest-checkdocs (>=2.4)", "pytest-ruff (>=0.2.1) ; sys_platform != \"cygwin\""]
cover = ["pytest-cov"]
doc = ["furo", "jaraco.packaging (>=9.3)", "jaraco.tidelift (>=1.4)", "rst.linker (>=1.9)", "sphinx (>=3.5)", "sphinx-lint"]
enabler = ["pytest-enabler (>=2.2)"]
test = ["appdirs", "more_itertools", "packaging", "pygments", "pytest (>=6,!=8.1.*)", "pywin32 ; platform_system == \"Windows\" and python_version < \"3.12\"", "types-pywin32"]
type = ["pytest-mypy"]

[metadata]
lock-version = "2.1"
python-versions = "3.13.*"
content-hash = "f40c67e79b7c763a05d60746371795e385ab809630ee5f91d70c90dfa21cd409"
